
Microsoft Visual Studio Solution File, Format Version 12.00
# Visual Studio Version 17
VisualStudioVersion = 17.2.32630.192
MinimumVisualStudioVersion = 10.0.40219.1
Project("{8BC9CEB8-8B4A-11D0-8D11-00A0C91BC942}") = "ApiTask", "ApiTask\ApiTask.vcxproj", "{B899B746-2684-46F6-ADF7-AAED3C1AC05D}"
EndProject
Global
	GlobalSection(SolutionConfigurationPlatforms) = preSolution
		Debug|x64 = Debug|x64
		Debug|x86 = Debug|x86
		Release|x64 = Release|x64
		Release|x86 = Release|x86
	EndGlobalSection
	GlobalSection(ProjectConfigurationPlatforms) = postSolution
		{B899B746-2684-46F6-ADF7-AAED3C1AC05D}.Debug|x64.ActiveCfg = Debug|x64
		{B899B746-2684-46F6-ADF7-AAED3C1AC05D}.Debug|x64.Build.0 = Debug|x64
		{B899B746-2684-46F6-ADF7-AAED3C1AC05D}.Debug|x86.ActiveCfg = Debug|Win32
		{B899B746-2684-46F6-ADF7-AAED3C1AC05D}.Debug|x86.Build.0 = Debug|Win32
		{B899B746-2684-46F6-ADF7-AAED3C1AC05D}.Release|x64.ActiveCfg = Release|x64
		{B899B746-2684-46F6-ADF7-AAED3C1AC05D}.Release|x64.Build.0 = Release|x64
		{B899B746-2684-46F6-ADF7-AAED3C1AC05D}.Release|x86.ActiveCfg = Release|Win32
		{B899B746-2684-46F6-ADF7-AAED3C1AC05D}.Release|x86.Build.0 = Release|Win32
	EndGlobalSection
	GlobalSection(SolutionProperties) = preSolution
		HideSolutionNode = FALSE
	EndGlobalSection
	GlobalSection(ExtensibilityGlobals) = postSolution
		SolutionGuid = {24824D0D-B9C5-4480-A17C-F75CC0C1C1D6}
	EndGlobalSection
EndGlobal
