
Microsoft Visual Studio Solution File, Format Version 12.00
# Visual Studio Version 17
VisualStudioVersion = 17.2.32630.192
MinimumVisualStudioVersion = 10.0.40219.1
Project("{FAE04EC0-301F-11D3-BF4B-00C04F79EFBC}") = "WPF_Practice", "WPF_Practice\WPF_Practice.csproj", "{CACF9A42-D2B9-460E-847F-426214A57106}"
EndProject
Global
	GlobalSection(SolutionConfigurationPlatforms) = preSolution
		Debug|Any CPU = Debug|Any CPU
		Release|Any CPU = Release|Any CPU
	EndGlobalSection
	GlobalSection(ProjectConfigurationPlatforms) = postSolution
		{CACF9A42-D2B9-460E-847F-426214A57106}.Debug|Any CPU.ActiveCfg = Debug|Any CPU
		{CACF9A42-D2B9-460E-847F-426214A57106}.Debug|Any CPU.Build.0 = Debug|Any CPU
		{CACF9A42-D2B9-460E-847F-426214A57106}.Release|Any CPU.ActiveCfg = Release|Any CPU
		{CACF9A42-D2B9-460E-847F-426214A57106}.Release|Any CPU.Build.0 = Release|Any CPU
	EndGlobalSection
	GlobalSection(SolutionProperties) = preSolution
		HideSolutionNode = FALSE
	EndGlobalSection
	GlobalSection(ExtensibilityGlobals) = postSolution
		SolutionGuid = {DD8B5B32-0D7B-4565-A159-46110B49569E}
	EndGlobalSection
EndGlobal
