
Microsoft Visual Studio Solution File, Format Version 12.00
# Visual Studio Version 17
VisualStudioVersion = 17.2.32630.192
MinimumVisualStudioVersion = 10.0.40219.1
Project("{FAE04EC0-301F-11D3-BF4B-00C04F79EFBC}") = "exerciseNum14", "exerciseNum14\exerciseNum14.csproj", "{58D0C8A2-3F1D-4BE9-85EB-1D2ECF1CE8F1}"
EndProject
Global
	GlobalSection(SolutionConfigurationPlatforms) = preSolution
		Debug|Any CPU = Debug|Any CPU
		Release|Any CPU = Release|Any CPU
	EndGlobalSection
	GlobalSection(ProjectConfigurationPlatforms) = postSolution
		{58D0C8A2-3F1D-4BE9-85EB-1D2ECF1CE8F1}.Debug|Any CPU.ActiveCfg = Debug|Any CPU
		{58D0C8A2-3F1D-4BE9-85EB-1D2ECF1CE8F1}.Debug|Any CPU.Build.0 = Debug|Any CPU
		{58D0C8A2-3F1D-4BE9-85EB-1D2ECF1CE8F1}.Release|Any CPU.ActiveCfg = Release|Any CPU
		{58D0C8A2-3F1D-4BE9-85EB-1D2ECF1CE8F1}.Release|Any CPU.Build.0 = Release|Any CPU
	EndGlobalSection
	GlobalSection(SolutionProperties) = preSolution
		HideSolutionNode = FALSE
	EndGlobalSection
	GlobalSection(ExtensibilityGlobals) = postSolution
		SolutionGuid = {5EE95DF1-3523-4DDA-ACC7-8C8EA7912158}
	EndGlobalSection
EndGlobal
