
Microsoft Visual Studio Solution File, Format Version 12.00
# Visual Studio Version 17
VisualStudioVersion = 17.2.32630.192
MinimumVisualStudioVersion = 10.0.40219.1
Project("{FAE04EC0-301F-11D3-BF4B-00C04F79EFBC}") = "pyramid", "pyramid\pyramid.csproj", "{96513573-79CB-4A97-A5F2-8DD701E7F16C}"
EndProject
Global
	GlobalSection(SolutionConfigurationPlatforms) = preSolution
		Debug|Any CPU = Debug|Any CPU
		Release|Any CPU = Release|Any CPU
	EndGlobalSection
	GlobalSection(ProjectConfigurationPlatforms) = postSolution
		{96513573-79CB-4A97-A5F2-8DD701E7F16C}.Debug|Any CPU.ActiveCfg = Debug|Any CPU
		{96513573-79CB-4A97-A5F2-8DD701E7F16C}.Debug|Any CPU.Build.0 = Debug|Any CPU
		{96513573-79CB-4A97-A5F2-8DD701E7F16C}.Release|Any CPU.ActiveCfg = Release|Any CPU
		{96513573-79CB-4A97-A5F2-8DD701E7F16C}.Release|Any CPU.Build.0 = Release|Any CPU
	EndGlobalSection
	GlobalSection(SolutionProperties) = preSolution
		HideSolutionNode = FALSE
	EndGlobalSection
	GlobalSection(ExtensibilityGlobals) = postSolution
		SolutionGuid = {E75A3493-008F-45D3-958A-8E0C6C54C8FE}
	EndGlobalSection
EndGlobal
